
Microsoft Visual Studio Solution File, Format Version 12.00
# Visual Studio 15
VisualStudioVersion = 15.0.26730.16
MinimumVisualStudioVersion = 10.0.40219.1
Project("{9A19103F-16F7-4668-BE54-9A1E7A4F7556}") = "blockathon.rdw.oracle.service", "blockathon.rdw.oracle.service\blockathon.rdw.oracle.service.csproj", "{3A89E38B-B25C-405A-8EE9-8A44B0C45864}"
EndProject
Project("{9A19103F-16F7-4668-BE54-9A1E7A4F7556}") = "blockathon.rdw.oracle.service.test", "blockathon.rdw.oracle.service.test\blockathon.rdw.oracle.service.test.csproj", "{194C898D-AFD7-4797-96AA-89EE7470E829}"
EndProject
Project("{9A19103F-16F7-4668-BE54-9A1E7A4F7556}") = "blockathon.smartcontract.interfaces", "blockathon.smartcontract.interfaces\blockathon.smartcontract.interfaces.csproj", "{CC427FF0-A3AB-4D46-9A86-E179C33F6708}"
EndProject
Project("{FAE04EC0-301F-11D3-BF4B-00C04F79EFBC}") = "blockathon.shared", "blockathon.shared\blockathon.shared.csproj", "{7F49A091-69D6-4F72-9459-0E4073ABFA63}"
EndProject
Global
	GlobalSection(SolutionConfigurationPlatforms) = preSolution
		Debug|Any CPU = Debug|Any CPU
		Release|Any CPU = Release|Any CPU
	EndGlobalSection
	GlobalSection(ProjectConfigurationPlatforms) = postSolution
		{3A89E38B-B25C-405A-8EE9-8A44B0C45864}.Debug|Any CPU.ActiveCfg = Debug|Any CPU
		{3A89E38B-B25C-405A-8EE9-8A44B0C45864}.Debug|Any CPU.Build.0 = Debug|Any CPU
		{3A89E38B-B25C-405A-8EE9-8A44B0C45864}.Release|Any CPU.ActiveCfg = Release|Any CPU
		{3A89E38B-B25C-405A-8EE9-8A44B0C45864}.Release|Any CPU.Build.0 = Release|Any CPU
		{194C898D-AFD7-4797-96AA-89EE7470E829}.Debug|Any CPU.ActiveCfg = Debug|Any CPU
		{194C898D-AFD7-4797-96AA-89EE7470E829}.Debug|Any CPU.Build.0 = Debug|Any CPU
		{194C898D-AFD7-4797-96AA-89EE7470E829}.Release|Any CPU.ActiveCfg = Release|Any CPU
		{194C898D-AFD7-4797-96AA-89EE7470E829}.Release|Any CPU.Build.0 = Release|Any CPU
		{CC427FF0-A3AB-4D46-9A86-E179C33F6708}.Debug|Any CPU.ActiveCfg = Debug|Any CPU
		{CC427FF0-A3AB-4D46-9A86-E179C33F6708}.Debug|Any CPU.Build.0 = Debug|Any CPU
		{CC427FF0-A3AB-4D46-9A86-E179C33F6708}.Release|Any CPU.ActiveCfg = Release|Any CPU
		{CC427FF0-A3AB-4D46-9A86-E179C33F6708}.Release|Any CPU.Build.0 = Release|Any CPU
		{7F49A091-69D6-4F72-9459-0E4073ABFA63}.Debug|Any CPU.ActiveCfg = Debug|Any CPU
		{7F49A091-69D6-4F72-9459-0E4073ABFA63}.Debug|Any CPU.Build.0 = Debug|Any CPU
		{7F49A091-69D6-4F72-9459-0E4073ABFA63}.Release|Any CPU.ActiveCfg = Release|Any CPU
		{7F49A091-69D6-4F72-9459-0E4073ABFA63}.Release|Any CPU.Build.0 = Release|Any CPU
	EndGlobalSection
	GlobalSection(SolutionProperties) = preSolution
		HideSolutionNode = FALSE
	EndGlobalSection
	GlobalSection(ExtensibilityGlobals) = postSolution
		SolutionGuid = {AD8F639C-4B2C-4C6F-9B55-86047A6BCC51}
	EndGlobalSection
EndGlobal
